
Microsoft Visual Studio Solution File, Format Version 12.00
# Visual Studio Version 16
VisualStudioVersion = 25.0.1706.12
MinimumVisualStudioVersion = 10.0.40219.1
Project("{FAE04EC0-301F-11D3-BF4B-00C04F79EFBC}") = "backend", "backend\backend.csproj", "{32847571-64C7-4DD7-BC79-441B3626C7F5}"
EndProject
Project("{FAE04EC0-301F-11D3-BF4B-00C04F79EFBC}") = "shared", "shared\shared.csproj", "{48828B51-C7D7-4C45-8CA8-C59719A893BE}"
EndProject
Project("{FAE04EC0-301F-11D3-BF4B-00C04F79EFBC}") = "frontend", "frontend\frontend.csproj", "{3178AAA2-CF41-46C2-9E0E-65FD074A2BB6}"
EndProject
Project("{2150E333-8FDC-42A3-9474-1A3956D46DE8}") = "Solution Items", "Solution Items", "{8A433811-5A38-4C62-A4D3-C004DE3E696F}"
	ProjectSection(SolutionItems) = preProject
		.gitignore = .gitignore
	EndProjectSection
EndProject
Global
	GlobalSection(SolutionConfigurationPlatforms) = preSolution
		Debug|Any CPU = Debug|Any CPU
		Release|Any CPU = Release|Any CPU
	EndGlobalSection
	GlobalSection(ProjectConfigurationPlatforms) = postSolution
		{32847571-64C7-4DD7-BC79-441B3626C7F5}.Debug|Any CPU.ActiveCfg = Debug|Any CPU
		{32847571-64C7-4DD7-BC79-441B3626C7F5}.Debug|Any CPU.Build.0 = Debug|Any CPU
		{32847571-64C7-4DD7-BC79-441B3626C7F5}.Release|Any CPU.ActiveCfg = Release|Any CPU
		{32847571-64C7-4DD7-BC79-441B3626C7F5}.Release|Any CPU.Build.0 = Release|Any CPU
		{48828B51-C7D7-4C45-8CA8-C59719A893BE}.Debug|Any CPU.ActiveCfg = Debug|Any CPU
		{48828B51-C7D7-4C45-8CA8-C59719A893BE}.Debug|Any CPU.Build.0 = Debug|Any CPU
		{48828B51-C7D7-4C45-8CA8-C59719A893BE}.Release|Any CPU.ActiveCfg = Release|Any CPU
		{48828B51-C7D7-4C45-8CA8-C59719A893BE}.Release|Any CPU.Build.0 = Release|Any CPU
		{3178AAA2-CF41-46C2-9E0E-65FD074A2BB6}.Debug|Any CPU.ActiveCfg = Debug|Any CPU
		{3178AAA2-CF41-46C2-9E0E-65FD074A2BB6}.Debug|Any CPU.Build.0 = Debug|Any CPU
		{3178AAA2-CF41-46C2-9E0E-65FD074A2BB6}.Release|Any CPU.ActiveCfg = Release|Any CPU
		{3178AAA2-CF41-46C2-9E0E-65FD074A2BB6}.Release|Any CPU.Build.0 = Release|Any CPU
	EndGlobalSection
	GlobalSection(SolutionProperties) = preSolution
		HideSolutionNode = FALSE
	EndGlobalSection
	GlobalSection(ExtensibilityGlobals) = postSolution
		SolutionGuid = {044B17C7-5C41-4817-8C2B-517D98D95C38}
	EndGlobalSection
EndGlobal
